// !$*UTF8*$!
{
	archiveVersion = 1;
	classes = {
	};
	objectVersion = 50;
	objects = {

/* Begin PBXBuildFile section */
		9AE456CA2128346400F730B0 /* AppDelegate.swift in Sources */ = {isa = PBXBuildFile; fileRef = 9AE456C92128346400F730B0 /* AppDelegate.swift */; };
		9AE456CC2128346400F730B0 /* ViewController.swift in Sources */ = {isa = PBXBuildFile; fileRef = 9AE456CB2128346400F730B0 /* ViewController.swift */; };
		9AE456CF2128346400F730B0 /* Main.storyboard in Resources */ = {isa = PBXBuildFile; fileRef = 9AE456CD2128346400F730B0 /* Main.storyboard */; };
		9AE456D22128346400F730B0 /* bb.xcdatamodeld in Sources */ = {isa = PBXBuildFile; fileRef = 9AE456D02128346400F730B0 /* bb.xcdatamodeld */; };
		9AE456D42128346500F730B0 /* Assets.xcassets in Resources */ = {isa = PBXBuildFile; fileRef = 9AE456D32128346500F730B0 /* Assets.xcassets */; };
		9AE456D72128346500F730B0 /* LaunchScreen.storyboard in Resources */ = {isa = PBXBuildFile; fileRef = 9AE456D52128346500F730B0 /* LaunchScreen.storyboard */; };
		9AE456E22128346500F730B0 /* bbTests.swift in Sources */ = {isa = PBXBuildFile; fileRef = 9AE456E12128346500F730B0 /* bbTests.swift */; };
		9AE456ED2128346500F730B0 /* bbUITests.swift in Sources */ = {isa = PBXBuildFile; fileRef = 9AE456EC2128346500F730B0 /* bbUITests.swift */; };
		9AE456FC2128354900F730B0 /* BaseViewController.swift in Sources */ = {isa = PBXBuildFile; fileRef = 9AE456FB2128354900F730B0 /* BaseViewController.swift */; };
/* End PBXBuildFile section */

/* Begin PBXContainerItemProxy section */
		9AE456DE2128346500F730B0 /* PBXContainerItemProxy */ = {
			isa = PBXContainerItemProxy;
			containerPortal = 9AE456BE2128346400F730B0 /* Project object */;
			proxyType = 1;
			remoteGlobalIDString = 9AE456C52128346400F730B0;
			remoteInfo = bb;
		};
		9AE456E92128346500F730B0 /* PBXContainerItemProxy */ = {
			isa = PBXContainerItemProxy;
			containerPortal = 9AE456BE2128346400F730B0 /* Project object */;
			proxyType = 1;
			remoteGlobalIDString = 9AE456C52128346400F730B0;
			remoteInfo = bb;
		};
/* End PBXContainerItemProxy section */

/* Begin PBXFileReference section */
		9AE456C62128346400F730B0 /* bb.app */ = {isa = PBXFileReference; explicitFileType = wrapper.application; includeInIndex = 0; path = bb.app; sourceTree = BUILT_PRODUCTS_DIR; };
		9AE456C92128346400F730B0 /* AppDelegate.swift */ = {isa = PBXFileReference; lastKnownFileType = sourcecode.swift; path = AppDelegate.swift; sourceTree = "<group>"; };
		9AE456CB2128346400F730B0 /* ViewController.swift */ = {isa = PBXFileReference; lastKnownFileType = sourcecode.swift; path = ViewController.swift; sourceTree = "<group>"; };
		9AE456CE2128346400F730B0 /* Base */ = {isa = PBXFileReference; lastKnownFileType = file.storyboard; name = Base; path = Base.lproj/Main.storyboard; sourceTree = "<group>"; };
		9AE456D12128346400F730B0 /* bb.xcdatamodel */ = {isa = PBXFileReference; lastKnownFileType = wrapper.xcdatamodel; path = bb.xcdatamodel; sourceTree = "<group>"; };
		9AE456D32128346500F730B0 /* Assets.xcassets */ = {isa = PBXFileReference; lastKnownFileType = folder.assetcatalog; path = Assets.xcassets; sourceTree = "<group>"; };
		9AE456D62128346500F730B0 /* Base */ = {isa = PBXFileReference; lastKnownFileType = file.storyboard; name = Base; path = Base.lproj/LaunchScreen.storyboard; sourceTree = "<group>"; };
		9AE456D82128346500F730B0 /* Info.plist */ = {isa = PBXFileReference; lastKnownFileType = text.plist.xml; path = Info.plist; sourceTree = "<group>"; };
		9AE456DD2128346500F730B0 /* bbTests.xctest */ = {isa = PBXFileReference; explicitFileType = wrapper.cfbundle; includeInIndex = 0; path = bbTests.xctest; sourceTree = BUILT_PRODUCTS_DIR; };
		9AE456E12128346500F730B0 /* bbTests.swift */ = {isa = PBXFileReference; lastKnownFileType = sourcecode.swift; path = bbTests.swift; sourceTree = "<group>"; };
		9AE456E32128346500F730B0 /* Info.plist */ = {isa = PBXFileReference; lastKnownFileType = text.plist.xml; path = Info.plist; sourceTree = "<group>"; };
		9AE456E82128346500F730B0 /* bbUITests.xctest */ = {isa = PBXFileReference; explicitFileType = wrapper.cfbundle; includeInIndex = 0; path = bbUITests.xctest; sourceTree = BUILT_PRODUCTS_DIR; };
		9AE456EC2128346500F730B0 /* bbUITests.swift */ = {isa = PBXFileReference; lastKnownFileType = sourcecode.swift; path = bbUITests.swift; sourceTree = "<group>"; };
		9AE456EE2128346500F730B0 /* Info.plist */ = {isa = PBXFileReference; lastKnownFileType = text.plist.xml; path = Info.plist; sourceTree = "<group>"; };
		9AE456FB2128354900F730B0 /* BaseViewController.swift */ = {isa = PBXFileReference; lastKnownFileType = sourcecode.swift; path = BaseViewController.swift; sourceTree = "<group>"; };
/* End PBXFileReference section */

/* Begin PBXFrameworksBuildPhase section */
		9AE456C32128346400F730B0 /* Frameworks */ = {
			isa = PBXFrameworksBuildPhase;
			buildActionMask = 2147483647;
			files = (
			);
			runOnlyForDeploymentPostprocessing = 0;
		};
		9AE456DA2128346500F730B0 /* Frameworks */ = {
			isa = PBXFrameworksBuildPhase;
			buildActionMask = 2147483647;
			files = (
			);
			runOnlyForDeploymentPostprocessing = 0;
		};
		9AE456E52128346500F730B0 /* Frameworks */ = {
			isa = PBXFrameworksBuildPhase;
			buildActionMask = 2147483647;
			files = (
			);
			runOnlyForDeploymentPostprocessing = 0;
		};
/* End PBXFrameworksBuildPhase section */

/* Begin PBXGroup section */
		9AE456BD2128346400F730B0 = {
			isa = PBXGroup;
			children = (
				9AE456C82128346400F730B0 /* bb */,
				9AE456E02128346500F730B0 /* bbTests */,
				9AE456EB2128346500F730B0 /* bbUITests */,
				9AE456C72128346400F730B0 /* Products */,
			);
			sourceTree = "<group>";
		};
		9AE456C72128346400F730B0 /* Products */ = {
			isa = PBXGroup;
			children = (
				9AE456C62128346400F730B0 /* bb.app */,
				9AE456DD2128346500F730B0 /* bbTests.xctest */,
				9AE456E82128346500F730B0 /* bbUITests.xctest */,
			);
			name = Products;
			sourceTree = "<group>";
		};
		9AE456C82128346400F730B0 /* bb */ = {
			isa = PBXGroup;
			children = (
				9AE456FA2128353600F730B0 /* ZMJ */,
				9AE456C92128346400F730B0 /* AppDelegate.swift */,
				9AE456CB2128346400F730B0 /* ViewController.swift */,
				9AE456CD2128346400F730B0 /* Main.storyboard */,
				9AE456D32128346500F730B0 /* Assets.xcassets */,
				9AE456D52128346500F730B0 /* LaunchScreen.storyboard */,
				9AE456D82128346500F730B0 /* Info.plist */,
				9AE456D02128346400F730B0 /* bb.xcdatamodeld */,
			);
			path = bb;
			sourceTree = "<group>";
		};
		9AE456E02128346500F730B0 /* bbTests */ = {
			isa = PBXGroup;
			children = (
				9AE456E12128346500F730B0 /* bbTests.swift */,
				9AE456E32128346500F730B0 /* Info.plist */,
			);
			path = bbTests;
			sourceTree = "<group>";
		};
		9AE456EB2128346500F730B0 /* bbUITests */ = {
			isa = PBXGroup;
			children = (
				9AE456EC2128346500F730B0 /* bbUITests.swift */,
				9AE456EE2128346500F730B0 /* Info.plist */,
			);
			path = bbUITests;
			sourceTree = "<group>";
		};
		9AE456FA2128353600F730B0 /* ZMJ */ = {
			isa = PBXGroup;
			children = (
				9AE456FB2128354900F730B0 /* BaseViewController.swift */,
			);
			path = ZMJ;
			sourceTree = "<group>";
		};
/* End PBXGroup section */

/* Begin PBXNativeTarget section */
		9AE456C52128346400F730B0 /* bb */ = {
			isa = PBXNativeTarget;
			buildConfigurationList = 9AE456F12128346500F730B0 /* Build configuration list for PBXNativeTarget "bb" */;
			buildPhases = (
				9AE456C22128346400F730B0 /* Sources */,
				9AE456C32128346400F730B0 /* Frameworks */,
				9AE456C42128346400F730B0 /* Resources */,
			);
			buildRules = (
			);
			dependencies = (
			);
			name = bb;
			productName = bb;
			productReference = 9AE456C62128346400F730B0 /* bb.app */;
			productType = "com.apple.product-type.application";
		};
		9AE456DC2128346500F730B0 /* bbTests */ = {
			isa = PBXNativeTarget;
			buildConfigurationList = 9AE456F42128346500F730B0 /* Build configuration list for PBXNativeTarget "bbTests" */;
			buildPhases = (
				9AE456D92128346500F730B0 /* Sources */,
				9AE456DA2128346500F730B0 /* Frameworks */,
				9AE456DB2128346500F730B0 /* Resources */,
			);
			buildRules = (
			);
			dependencies = (
				9AE456DF2128346500F730B0 /* PBXTargetDependency */,
			);
			name = bbTests;
			productName = bbTests;
			productReference = 9AE456DD2128346500F730B0 /* bbTests.xctest */;
			productType = "com.apple.product-type.bundle.unit-test";
		};
		9AE456E72128346500F730B0 /* bbUITests */ = {
			isa = PBXNativeTarget;
			buildConfigurationList = 9AE456F72128346500F730B0 /* Build configuration list for PBXNativeTarget "bbUITests" */;
			buildPhases = (
				9AE456E42128346500F730B0 /* Sources */,
				9AE456E52128346500F730B0 /* Frameworks */,
				9AE456E62128346500F730B0 /* Resources */,
			);
			buildRules = (
			);
			dependencies = (
				9AE456EA2128346500F730B0 /* PBXTargetDependency */,
			);
			name = bbUITests;
			productName = bbUITests;
			productReference = 9AE456E82128346500F730B0 /* bbUITests.xctest */;
			productType = "com.apple.product-type.bundle.ui-testing";
		};
/* End PBXNativeTarget section */

/* Begin PBXProject section */
		9AE456BE2128346400F730B0 /* Project object */ = {
			isa = PBXProject;
			attributes = {
				LastSwiftUpdateCheck = 0940;
				LastUpgradeCheck = 0940;
				ORGANIZATIONNAME = ZMJ;
				TargetAttributes = {
					9AE456C52128346400F730B0 = {
						CreatedOnToolsVersion = 9.4.1;
					};
					9AE456DC2128346500F730B0 = {
						CreatedOnToolsVersion = 9.4.1;
						TestTargetID = 9AE456C52128346400F730B0;
					};
					9AE456E72128346500F730B0 = {
						CreatedOnToolsVersion = 9.4.1;
						TestTargetID = 9AE456C52128346400F730B0;
					};
				};
			};
			buildConfigurationList = 9AE456C12128346400F730B0 /* Build configuration list for PBXProject "bb" */;
			compatibilityVersion = "Xcode 9.3";
			developmentRegion = en;
			hasScannedForEncodings = 0;
			knownRegions = (
				en,
				Base,
			);
			mainGroup = 9AE456BD2128346400F730B0;
			productRefGroup = 9AE456C72128346400F730B0 /* Products */;
			projectDirPath = "";
			projectRoot = "";
			targets = (
				9AE456C52128346400F730B0 /* bb */,
				9AE456DC2128346500F730B0 /* bbTests */,
				9AE456E72128346500F730B0 /* bbUITests */,
			);
		};
/* End PBXProject section */

/* Begin PBXResourcesBuildPhase section */
		9AE456C42128346400F730B0 /* Resources */ = {
			isa = PBXResourcesBuildPhase;
			buildActionMask = 2147483647;
			files = (
				9AE456D72128346500F730B0 /* LaunchScreen.storyboard in Resources */,
				9AE456D42128346500F730B0 /* Assets.xcassets in Resources */,
				9AE456CF2128346400F730B0 /* Main.storyboard in Resources */,
			);
			runOnlyForDeploymentPostprocessing = 0;
		};
		9AE456DB2128346500F730B0 /* Resources */ = {
			isa = PBXResourcesBuildPhase;
			buildActionMask = 2147483647;
			files = (
			);
			runOnlyForDeploymentPostprocessing = 0;
		};
		9AE456E62128346500F730B0 /* Resources */ = {
			isa = PBXResourcesBuildPhase;
			buildActionMask = 2147483647;
			files = (
			);
			runOnlyForDeploymentPostprocessing = 0;
		};
/* End PBXResourcesBuildPhase section */

/* Begin PBXSourcesBuildPhase section */
		9AE456C22128346400F730B0 /* Sources */ = {
			isa = PBXSourcesBuildPhase;
			buildActionMask = 2147483647;
			files = (
				9AE456CC2128346400F730B0 /* ViewController.swift in Sources */,
				9AE456FC2128354900F730B0 /* BaseViewController.swift in Sources */,
				9AE456CA2128346400F730B0 /* AppDelegate.swift in Sources */,
				9AE456D22128346400F730B0 /* bb.xcdatamodeld in Sources */,
			);
			runOnlyForDeploymentPostprocessing = 0;
		};
		9AE456D92128346500F730B0 /* Sources */ = {
			isa = PBXSourcesBuildPhase;
			buildActionMask = 2147483647;
			files = (
				9AE456E22128346500F730B0 /* bbTests.swift in Sources */,
			);
			runOnlyForDeploymentPostprocessing = 0;
		};
		9AE456E42128346500F730B0 /* Sources */ = {
			isa = PBXSourcesBuildPhase;
			buildActionMask = 2147483647;
			files = (
				9AE456ED2128346500F730B0 /* bbUITests.swift in Sources */,
			);
			runOnlyForDeploymentPostprocessing = 0;
		};
/* End PBXSourcesBuildPhase section */

/* Begin PBXTargetDependency section */
		9AE456DF2128346500F730B0 /* PBXTargetDependency */ = {
			isa = PBXTargetDependency;
			target = 9AE456C52128346400F730B0 /* bb */;
			targetProxy = 9AE456DE2128346500F730B0 /* PBXContainerItemProxy */;
		};
		9AE456EA2128346500F730B0 /* PBXTargetDependency */ = {
			isa = PBXTargetDependency;
			target = 9AE456C52128346400F730B0 /* bb */;
			targetProxy = 9AE456E92128346500F730B0 /* PBXContainerItemProxy */;
		};
/* End PBXTargetDependency section */

/* Begin PBXVariantGroup section */
		9AE456CD2128346400F730B0 /* Main.storyboard */ = {
			isa = PBXVariantGroup;
			children = (
				9AE456CE2128346400F730B0 /* Base */,
			);
			name = Main.storyboard;
			sourceTree = "<group>";
		};
		9AE456D52128346500F730B0 /* LaunchScreen.storyboard */ = {
			isa = PBXVariantGroup;
			children = (
				9AE456D62128346500F730B0 /* Base */,
			);
			name = LaunchScreen.storyboard;
			sourceTree = "<group>";
		};
/* End PBXVariantGroup section */

/* Begin XCBuildConfiguration section */
		9AE456EF2128346500F730B0 /* Debug */ = {
			isa = XCBuildConfiguration;
			buildSettings = {
				ALWAYS_SEARCH_USER_PATHS = NO;
				CLANG_ANALYZER_NONNULL = YES;
				CLANG_ANALYZER_NUMBER_OBJECT_CONVERSION = YES_AGGRESSIVE;
				CLANG_CXX_LANGUAGE_STANDARD = "gnu++14";
				CLANG_CXX_LIBRARY = "libc++";
				CLANG_ENABLE_MODULES = YES;
				CLANG_ENABLE_OBJC_ARC = YES;
				CLANG_ENABLE_OBJC_WEAK = YES;
				CLANG_WARN_BLOCK_CAPTURE_AUTORELEASING = YES;
				CLANG_WARN_BOOL_CONVERSION = YES;
				CLANG_WARN_COMMA = YES;
				CLANG_WARN_CONSTANT_CONVERSION = YES;
				CLANG_WARN_DEPRECATED_OBJC_IMPLEMENTATIONS = YES;
				CLANG_WARN_DIRECT_OBJC_ISA_USAGE = YES_ERROR;
				CLANG_WARN_DOCUMENTATION_COMMENTS = YES;
				CLANG_WARN_EMPTY_BODY = YES;
				CLANG_WARN_ENUM_CONVERSION = YES;
				CLANG_WARN_INFINITE_RECURSION = YES;
				CLANG_WARN_INT_CONVERSION = YES;
				CLANG_WARN_NON_LITERAL_NULL_CONVERSION = YES;
				CLANG_WARN_OBJC_IMPLICIT_RETAIN_SELF = YES;
				CLANG_WARN_OBJC_LITERAL_CONVERSION = YES;
				CLANG_WARN_OBJC_ROOT_CLASS = YES_ERROR;
				CLANG_WARN_RANGE_LOOP_ANALYSIS = YES;
				CLANG_WARN_STRICT_PROTOTYPES = YES;
				CLANG_WARN_SUSPICIOUS_MOVE = YES;
				CLANG_WARN_UNGUARDED_AVAILABILITY = YES_AGGRESSIVE;
				CLANG_WARN_UNREACHABLE_CODE = YES;
				CLANG_WARN__DUPLICATE_METHOD_MATCH = YES;
				CODE_SIGN_IDENTITY = "iPhone Developer";
				COPY_PHASE_STRIP = NO;
				DEBUG_INFORMATION_FORMAT = dwarf;
				ENABLE_STRICT_OBJC_MSGSEND = YES;
				ENABLE_TESTABILITY = YES;
				GCC_C_LANGUAGE_STANDARD = gnu11;
				GCC_DYNAMIC_NO_PIC = NO;
				GCC_NO_COMMON_BLOCKS = YES;
				GCC_OPTIMIZATION_LEVEL = 0;
				GCC_PREPROCESSOR_DEFINITIONS = (
					"DEBUG=1",
					"$(inherited)",
				);
				GCC_WARN_64_TO_32_BIT_CONVERSION = YES;
				GCC_WARN_ABOUT_RETURN_TYPE = YES_ERROR;
				GCC_WARN_UNDECLARED_SELECTOR = YES;
				GCC_WARN_UNINITIALIZED_AUTOS = YES_AGGRESSIVE;
				GCC_WARN_UNUSED_FUNCTION = YES;
				GCC_WARN_UNUSED_VARIABLE = YES;
				IPHONEOS_DEPLOYMENT_TARGET = 11.4;
				MTL_ENABLE_DEBUG_INFO = YES;
				ONLY_ACTIVE_ARCH = YES;
				SDKROOT = iphoneos;
				SWIFT_ACTIVE_COMPILATION_CONDITIONS = DEBUG;
				SWIFT_OPTIMIZATION_LEVEL = "-Onone";
			};
			name = Debug;
		};
		9AE456F02128346500F730B0 /* Release */ = {
			isa = XCBuildConfiguration;
			buildSettings = {
				ALWAYS_SEARCH_USER_PATHS = NO;
				CLANG_ANALYZER_NONNULL = YES;
				CLANG_ANALYZER_NUMBER_OBJECT_CONVERSION = YES_AGGRESSIVE;
				CLANG_CXX_LANGUAGE_STANDARD = "gnu++14";
				CLANG_CXX_LIBRARY = "libc++";
				CLANG_ENABLE_MODULES = YES;
				CLANG_ENABLE_OBJC_ARC = YES;
				CLANG_ENABLE_OBJC_WEAK = YES;
				CLANG_WARN_BLOCK_CAPTURE_AUTORELEASING = YES;
				CLANG_WARN_BOOL_CONVERSION = YES;
				CLANG_WARN_COMMA = YES;
				CLANG_WARN_CONSTANT_CONVERSION = YES;
				CLANG_WARN_DEPRECATED_OBJC_IMPLEMENTATIONS = YES;
				CLANG_WARN_DIRECT_OBJC_ISA_USAGE = YES_ERROR;
				CLANG_WARN_DOCUMENTATION_COMMENTS = YES;
				CLANG_WARN_EMPTY_BODY = YES;
				CLANG_WARN_ENUM_CONVERSION = YES;
				CLANG_WARN_INFINITE_RECURSION = YES;
				CLANG_WARN_INT_CONVERSION = YES;
				CLANG_WARN_NON_LITERAL_NULL_CONVERSION = YES;
				CLANG_WARN_OBJC_IMPLICIT_RETAIN_SELF = YES;
				CLANG_WARN_OBJC_LITERAL_CONVERSION = YES;
				CLANG_WARN_OBJC_ROOT_CLASS = YES_ERROR;
				CLANG_WARN_RANGE_LOOP_ANALYSIS = YES;
				CLANG_WARN_STRICT_PROTOTYPES = YES;
				CLANG_WARN_SUSPICIOUS_MOVE = YES;
				CLANG_WARN_UNGUARDED_AVAILABILITY = YES_AGGRESSIVE;
				CLANG_WARN_UNREACHABLE_CODE = YES;
				CLANG_WARN__DUPLICATE_METHOD_MATCH = YES;
				CODE_SIGN_IDENTITY = "iPhone Developer";
				COPY_PHASE_STRIP = NO;
				DEBUG_INFORMATION_FORMAT = "dwarf-with-dsym";
				ENABLE_NS_ASSERTIONS = NO;
				ENABLE_STRICT_OBJC_MSGSEND = YES;
				GCC_C_LANGUAGE_STANDARD = gnu11;
				GCC_NO_COMMON_BLOCKS = YES;
				GCC_WARN_64_TO_32_BIT_CONVERSION = YES;
				GCC_WARN_ABOUT_RETURN_TYPE = YES_ERROR;
				GCC_WARN_UNDECLARED_SELECTOR = YES;
				GCC_WARN_UNINITIALIZED_AUTOS = YES_AGGRESSIVE;
				GCC_WARN_UNUSED_FUNCTION = YES;
				GCC_WARN_UNUSED_VARIABLE = YES;
				IPHONEOS_DEPLOYMENT_TARGET = 11.4;
				MTL_ENABLE_DEBUG_INFO = NO;
				SDKROOT = iphoneos;
				SWIFT_COMPILATION_MODE = wholemodule;
				SWIFT_OPTIMIZATION_LEVEL = "-O";
				VALIDATE_PRODUCT = YES;
			};
			name = Release;
		};
		9AE456F22128346500F730B0 /* Debug */ = {
			isa = XCBuildConfiguration;
			buildSettings = {
				ASSETCATALOG_COMPILER_APPICON_NAME = AppIcon;
				CODE_SIGN_STYLE = Automatic;
				INFOPLIST_FILE = bb/Info.plist;
				LD_RUNPATH_SEARCH_PATHS = (
					"$(inherited)",
					"@executable_path/Frameworks",
				);
				PRODUCT_BUNDLE_IDENTIFIER = com.jg.bb;
				PRODUCT_NAME = "$(TARGET_NAME)";
				SWIFT_VERSION = 4.0;
				TARGETED_DEVICE_FAMILY = "1,2";
			};
			name = Debug;
		};
		9AE456F32128346500F730B0 /* Release */ = {
			isa = XCBuildConfiguration;
			buildSettings = {
				ASSETCATALOG_COMPILER_APPICON_NAME = AppIcon;
				CODE_SIGN_STYLE = Automatic;
				INFOPLIST_FILE = bb/Info.plist;
				LD_RUNPATH_SEARCH_PATHS = (
					"$(inherited)",
					"@executable_path/Frameworks",
				);
				PRODUCT_BUNDLE_IDENTIFIER = com.jg.bb;
				PRODUCT_NAME = "$(TARGET_NAME)";
				SWIFT_VERSION = 4.0;
				TARGETED_DEVICE_FAMILY = "1,2";
			};
			name = Release;
		};
		9AE456F52128346500F730B0 /* Debug */ = {
			isa = XCBuildConfiguration;
			buildSettings = {
				ALWAYS_EMBED_SWIFT_STANDARD_LIBRARIES = YES;
				BUNDLE_LOADER = "$(TEST_HOST)";
				CODE_SIGN_STYLE = Automatic;
				INFOPLIST_FILE = bbTests/Info.plist;
				LD_RUNPATH_SEARCH_PATHS = (
					"$(inherited)",
					"@executable_path/Frameworks",
					"@loader_path/Frameworks",
				);
				PRODUCT_BUNDLE_IDENTIFIER = com.jg.bbTests;
				PRODUCT_NAME = "$(TARGET_NAME)";
				SWIFT_VERSION = 4.0;
				TARGETED_DEVICE_FAMILY = "1,2";
				TEST_HOST = "$(BUILT_PRODUCTS_DIR)/bb.app/bb";
			};
			name = Debug;
		};
		9AE456F62128346500F730B0 /* Release */ = {
			isa = XCBuildConfiguration;
			buildSettings = {
				ALWAYS_EMBED_SWIFT_STANDARD_LIBRARIES = YES;
				BUNDLE_LOADER = "$(TEST_HOST)";
				CODE_SIGN_STYLE = Automatic;
				INFOPLIST_FILE = bbTests/Info.plist;
				LD_RUNPATH_SEARCH_PATHS = (
					"$(inherited)",
					"@executable_path/Frameworks",
					"@loader_path/Frameworks",
				);
				PRODUCT_BUNDLE_IDENTIFIER = com.jg.bbTests;
				PRODUCT_NAME = "$(TARGET_NAME)";
				SWIFT_VERSION = 4.0;
				TARGETED_DEVICE_FAMILY = "1,2";
				TEST_HOST = "$(BUILT_PRODUCTS_DIR)/bb.app/bb";
			};
			name = Release;
		};
		9AE456F82128346500F730B0 /* Debug */ = {
			isa = XCBuildConfiguration;
			buildSettings = {
				ALWAYS_EMBED_SWIFT_STANDARD_LIBRARIES = YES;
				CODE_SIGN_STYLE = Automatic;
				INFOPLIST_FILE = bbUITests/Info.plist;
				LD_RUNPATH_SEARCH_PATHS = (
					"$(inherited)",
					"@executable_path/Frameworks",
					"@loader_path/Frameworks",
				);
				PRODUCT_BUNDLE_IDENTIFIER = com.jg.bbUITests;
				PRODUCT_NAME = "$(TARGET_NAME)";
				SWIFT_VERSION = 4.0;
				TARGETED_DEVICE_FAMILY = "1,2";
				TEST_TARGET_NAME = bb;
			};
			name = Debug;
		};
		9AE456F92128346500F730B0 /* Release */ = {
			isa = XCBuildConfiguration;
			buildSettings = {
				ALWAYS_EMBED_SWIFT_STANDARD_LIBRARIES = YES;
				CODE_SIGN_STYLE = Automatic;
				INFOPLIST_FILE = bbUITests/Info.plist;
				LD_RUNPATH_SEARCH_PATHS = (
					"$(inherited)",
					"@executable_path/Frameworks",
					"@loader_path/Frameworks",
				);
				PRODUCT_BUNDLE_IDENTIFIER = com.jg.bbUITests;
				PRODUCT_NAME = "$(TARGET_NAME)";
				SWIFT_VERSION = 4.0;
				TARGETED_DEVICE_FAMILY = "1,2";
				TEST_TARGET_NAME = bb;
			};
			name = Release;
		};
/* End XCBuildConfiguration section */

/* Begin XCConfigurationList section */
		9AE456C12128346400F730B0 /* Build configuration list for PBXProject "bb" */ = {
			isa = XCConfigurationList;
			buildConfigurations = (
				9AE456EF2128346500F730B0 /* Debug */,
				9AE456F02128346500F730B0 /* Release */,
			);
			defaultConfigurationIsVisible = 0;
			defaultConfigurationName = Release;
		};
		9AE456F12128346500F730B0 /* Build configuration list for PBXNativeTarget "bb" */ = {
			isa = XCConfigurationList;
			buildConfigurations = (
				9AE456F22128346500F730B0 /* Debug */,
				9AE456F32128346500F730B0 /* Release */,
			);
			defaultConfigurationIsVisible = 0;
			defaultConfigurationName = Release;
		};
		9AE456F42128346500F730B0 /* Build configuration list for PBXNativeTarget "bbTests" */ = {
			isa = XCConfigurationList;
			buildConfigurations = (
				9AE456F52128346500F730B0 /* Debug */,
				9AE456F62128346500F730B0 /* Release */,
			);
			defaultConfigurationIsVisible = 0;
			defaultConfigurationName = Release;
		};
		9AE456F72128346500F730B0 /* Build configuration list for PBXNativeTarget "bbUITests" */ = {
			isa = XCConfigurationList;
			buildConfigurations = (
				9AE456F82128346500F730B0 /* Debug */,
				9AE456F92128346500F730B0 /* Release */,
			);
			defaultConfigurationIsVisible = 0;
			defaultConfigurationName = Release;
		};
/* End XCConfigurationList section */

/* Begin XCVersionGroup section */
		9AE456D02128346400F730B0 /* bb.xcdatamodeld */ = {
			isa = XCVersionGroup;
			children = (
				9AE456D12128346400F730B0 /* bb.xcdatamodel */,
			);
			currentVersion = 9AE456D12128346400F730B0 /* bb.xcdatamodel */;
			path = bb.xcdatamodeld;
			sourceTree = "<group>";
			versionGroupType = wrapper.xcdatamodel;
		};
/* End XCVersionGroup section */
	};
	rootObject = 9AE456BE2128346400F730B0 /* Project object */;
}
